
Microsoft Visual Studio Solution File, Format Version 12.00
# Visual Studio Version 17
VisualStudioVersion = 17.14.36212.18 d17.14
MinimumVisualStudioVersion = 10.0.40219.1
Project("{FAE04EC0-301F-11D3-BF4B-00C04F79EFBC}") = "StatusUpdater", "StatusUpdater\StatusUpdater.csproj", "{4D1965A6-A864-49E1-8EA4-3C287DF2BAEE}"
EndProject
Global
	GlobalSection(SolutionConfigurationPlatforms) = preSolution
		Debug|Any CPU = Debug|Any CPU
		Release|Any CPU = Release|Any CPU
	EndGlobalSection
	GlobalSection(ProjectConfigurationPlatforms) = postSolution
		{4D1965A6-A864-49E1-8EA4-3C287DF2BAEE}.Debug|Any CPU.ActiveCfg = Debug|Any CPU
		{4D1965A6-A864-49E1-8EA4-3C287DF2BAEE}.Debug|Any CPU.Build.0 = Debug|Any CPU
		{4D1965A6-A864-49E1-8EA4-3C287DF2BAEE}.Release|Any CPU.ActiveCfg = Release|Any CPU
		{4D1965A6-A864-49E1-8EA4-3C287DF2BAEE}.Release|Any CPU.Build.0 = Release|Any CPU
	EndGlobalSection
	GlobalSection(SolutionProperties) = preSolution
		HideSolutionNode = FALSE
	EndGlobalSection
	GlobalSection(ExtensibilityGlobals) = postSolution
		SolutionGuid = {85B08F69-32DB-4C24-B0E5-D81B247AC2DA}
	EndGlobalSection
EndGlobal
